
Microsoft Visual Studio Solution File, Format Version 12.00
# Visual Studio Version 17
VisualStudioVersion = 17.0.32014.148
MinimumVisualStudioVersion = 10.0.40219.1
Project("{FAE04EC0-301F-11D3-BF4B-00C04F79EFBC}") = "BlazorApp1.Server", "BlazorApp1\Server\BlazorApp1.Server.csproj", "{5E47CFF9-2B42-4590-99F9-B9A874B59BC8}"
EndProject
Project("{FAE04EC0-301F-11D3-BF4B-00C04F79EFBC}") = "BlazorApp1.Client", "BlazorApp1\Client\BlazorApp1.Client.csproj", "{39A3FA54-BB15-497E-8414-86D38B6C378E}"
EndProject
Project("{FAE04EC0-301F-11D3-BF4B-00C04F79EFBC}") = "BlazorApp1.Shared", "BlazorApp1\Shared\BlazorApp1.Shared.csproj", "{9E7E85D1-8CC9-4A79-9C44-F57BBF082BD4}"
EndProject
Global
	GlobalSection(SolutionConfigurationPlatforms) = preSolution
		Debug|Any CPU = Debug|Any CPU
		Release|Any CPU = Release|Any CPU
	EndGlobalSection
	GlobalSection(ProjectConfigurationPlatforms) = postSolution
		{5E47CFF9-2B42-4590-99F9-B9A874B59BC8}.Debug|Any CPU.ActiveCfg = Debug|Any CPU
		{5E47CFF9-2B42-4590-99F9-B9A874B59BC8}.Debug|Any CPU.Build.0 = Debug|Any CPU
		{5E47CFF9-2B42-4590-99F9-B9A874B59BC8}.Release|Any CPU.ActiveCfg = Release|Any CPU
		{5E47CFF9-2B42-4590-99F9-B9A874B59BC8}.Release|Any CPU.Build.0 = Release|Any CPU
		{39A3FA54-BB15-497E-8414-86D38B6C378E}.Debug|Any CPU.ActiveCfg = Debug|Any CPU
		{39A3FA54-BB15-497E-8414-86D38B6C378E}.Debug|Any CPU.Build.0 = Debug|Any CPU
		{39A3FA54-BB15-497E-8414-86D38B6C378E}.Release|Any CPU.ActiveCfg = Release|Any CPU
		{39A3FA54-BB15-497E-8414-86D38B6C378E}.Release|Any CPU.Build.0 = Release|Any CPU
		{9E7E85D1-8CC9-4A79-9C44-F57BBF082BD4}.Debug|Any CPU.ActiveCfg = Debug|Any CPU
		{9E7E85D1-8CC9-4A79-9C44-F57BBF082BD4}.Debug|Any CPU.Build.0 = Debug|Any CPU
		{9E7E85D1-8CC9-4A79-9C44-F57BBF082BD4}.Release|Any CPU.ActiveCfg = Release|Any CPU
		{9E7E85D1-8CC9-4A79-9C44-F57BBF082BD4}.Release|Any CPU.Build.0 = Release|Any CPU
	EndGlobalSection
	GlobalSection(SolutionProperties) = preSolution
		HideSolutionNode = FALSE
	EndGlobalSection
	GlobalSection(ExtensibilityGlobals) = postSolution
		SolutionGuid = {309CC94A-7F4F-4E5C-A701-3531AD4DD9F6}
	EndGlobalSection
EndGlobal
